{
  "requires": true,
  "lockfileVersion": 1,
  "dependencies": {
    "@turf/bearing": {
      "version": "6.0.1",
      "resolved": "https://registry.npmjs.org/@turf/bearing/-/bearing-6.0.1.tgz",
      "integrity": "sha512-mXY1NozqV9EFfBTbUItujwfqfQF0G/Xe2fzvnZle90ekPEUfhi4Dgf5JswJTd96J9LiT8kcd6Jonp5khnx0wIg==",
      "requires": {
        "@turf/helpers": "6.x",
        "@turf/invariant": "6.x"
      }
    },
    "@turf/destination": {
      "version": "6.0.1",
      "resolved": "https://registry.npmjs.org/@turf/destination/-/destination-6.0.1.tgz",
      "integrity": "sha512-MroK4nRdp7as174miCAugp8Uvorhe6rZ7MJiC9Hb4+hZR7gNFJyVKmkdDDXIoCYs6MJQsx0buI+gsCpKwgww0Q==",
      "requires": {
        "@turf/helpers": "6.x",
        "@turf/invariant": "6.x"
      }
    },
    "@turf/distance": {
      "version": "6.0.1",
      "resolved": "https://registry.npmjs.org/@turf/distance/-/distance-6.0.1.tgz",
      "integrity": "sha512-q7t7rWIWfkg7MP1Vt4uLjSEhe5rPfCO2JjpKmk7JC+QZKEQkuvHEqy3ejW1iC7Kw5ZcZNR3qdMGGz+6HnVwqvg==",
      "requires": {
        "@turf/helpers": "6.x",
        "@turf/invariant": "6.x"
      }
    },
    "@turf/helpers": {
      "version": "6.1.4",
      "resolved": "https://registry.npmjs.org/@turf/helpers/-/helpers-6.1.4.tgz",
      "integrity": "sha512-vJvrdOZy1ngC7r3MDA7zIGSoIgyrkWcGnNIEaqn/APmw+bVLF2gAW7HIsdTxd12s5wQMqEpqIQrmrbRRZ0xC7g=="
    },
    "@turf/invariant": {
      "version": "6.1.2",
      "resolved": "https://registry.npmjs.org/@turf/invariant/-/invariant-6.1.2.tgz",
      "integrity": "sha512-WU08Ph8j0J2jVGlQCKChXoCtI50BB3yEH21V++V0T4cR1T27HKCxkehV2sYMwTierfMBgjwSwDIsxnR4/2mWXg==",
      "requires": {
        "@turf/helpers": "6.x"
      }
    },
    "@turf/meta": {
      "version": "6.0.2",
      "resolved": "https://registry.npmjs.org/@turf/meta/-/meta-6.0.2.tgz",
      "integrity": "sha512-VA7HJkx7qF1l3+GNGkDVn2oXy4+QoLP6LktXAaZKjuT1JI0YESat7quUkbCMy4zP9lAUuvS4YMslLyTtr919FA==",
      "requires": {
        "@turf/helpers": "6.x"
      }
    },
    "leaflet-truesize": {
      "version": "3.1.0",
      "resolved": "https://registry.npmjs.org/leaflet-truesize/-/leaflet-truesize-3.1.0.tgz",
      "integrity": "sha512-nQ9qkG+hUrrbNbX/84wGkz+QjncxIUWmMIEzb56ylEPstsqj/4zZWH4MKhQeF6Wz5+JoTFw3MEW3MnPscvL4Ng==",
      "requires": {
        "@turf/bearing": "^6.0.1",
        "@turf/destination": "^6.0.1",
        "@turf/distance": "^6.0.1",
        "@turf/meta": "^6.0.2"
      }
    }
  }
}
